// !$*UTF8*$!
{
	archiveVersion = 1;
	classes = {
	};
	objectVersion = 50;
	objects = {

/* Begin PBXBuildFile section */
		95C336A327AF2311001322DE /* AppDelegate.swift in Sources */ = {isa = PBXBuildFile; fileRef = 95C336A227AF2311001322DE /* AppDelegate.swift */; };
		95C336A527AF2311001322DE /* SceneDelegate.swift in Sources */ = {isa = PBXBuildFile; fileRef = 95C336A427AF2311001322DE /* SceneDelegate.swift */; };
		95C336A727AF2311001322DE /* ContentView.swift in Sources */ = {isa = PBXBuildFile; fileRef = 95C336A627AF2311001322DE /* ContentView.swift */; };
		95C336A927AF2312001322DE /* Assets.xcassets in Resources */ = {isa = PBXBuildFile; fileRef = 95C336A827AF2312001322DE /* Assets.xcassets */; };
		95C336AC27AF2312001322DE /* Preview Assets.xcassets in Resources */ = {isa = PBXBuildFile; fileRef = 95C336AB27AF2312001322DE /* Preview Assets.xcassets */; };
		95C336AF27AF2312001322DE /* LaunchScreen.storyboard in Resources */ = {isa = PBXBuildFile; fileRef = 95C336AD27AF2312001322DE /* LaunchScreen.storyboard */; };
		95C336B727AF427B001322DE /* CompanyListView.swift in Sources */ = {isa = PBXBuildFile; fileRef = 95C336B627AF427B001322DE /* CompanyListView.swift */; };
/* End PBXBuildFile section */

/* Begin PBXFileReference section */
		95C3369F27AF2311001322DE /* Equaltunity.app */ = {isa = PBXFileReference; explicitFileType = wrapper.application; includeInIndex = 0; path = Equaltunity.app; sourceTree = BUILT_PRODUCTS_DIR; };
		95C336A227AF2311001322DE /* AppDelegate.swift */ = {isa = PBXFileReference; lastKnownFileType = sourcecode.swift; path = AppDelegate.swift; sourceTree = "<group>"; };
		95C336A427AF2311001322DE /* SceneDelegate.swift */ = {isa = PBXFileReference; lastKnownFileType = sourcecode.swift; path = SceneDelegate.swift; sourceTree = "<group>"; };
		95C336A627AF2311001322DE /* ContentView.swift */ = {isa = PBXFileReference; lastKnownFileType = sourcecode.swift; path = ContentView.swift; sourceTree = "<group>"; };
		95C336A827AF2312001322DE /* Assets.xcassets */ = {isa = PBXFileReference; lastKnownFileType = folder.assetcatalog; path = Assets.xcassets; sourceTree = "<group>"; };
		95C336AB27AF2312001322DE /* Preview Assets.xcassets */ = {isa = PBXFileReference; lastKnownFileType = folder.assetcatalog; path = "Preview Assets.xcassets"; sourceTree = "<group>"; };
		95C336AE27AF2312001322DE /* Base */ = {isa = PBXFileReference; lastKnownFileType = file.storyboard; name = Base; path = Base.lproj/LaunchScreen.storyboard; sourceTree = "<group>"; };
		95C336B027AF2312001322DE /* Info.plist */ = {isa = PBXFileReference; lastKnownFileType = text.plist.xml; path = Info.plist; sourceTree = "<group>"; };
		95C336B627AF427B001322DE /* CompanyListView.swift */ = {isa = PBXFileReference; lastKnownFileType = sourcecode.swift; path = CompanyListView.swift; sourceTree = "<group>"; };
/* End PBXFileReference section */

/* Begin PBXFrameworksBuildPhase section */
		95C3369C27AF2311001322DE /* Frameworks */ = {
			isa = PBXFrameworksBuildPhase;
			buildActionMask = 2147483647;
			files = (
			);
			runOnlyForDeploymentPostprocessing = 0;
		};
/* End PBXFrameworksBuildPhase section */

/* Begin PBXGroup section */
		95C3369627AF2311001322DE = {
			isa = PBXGroup;
			children = (
				95C336A127AF2311001322DE /* Equaltunity */,
				95C336A027AF2311001322DE /* Products */,
			);
			sourceTree = "<group>";
		};
		95C336A027AF2311001322DE /* Products */ = {
			isa = PBXGroup;
			children = (
				95C3369F27AF2311001322DE /* Equaltunity.app */,
			);
			name = Products;
			sourceTree = "<group>";
		};
		95C336A127AF2311001322DE /* Equaltunity */ = {
			isa = PBXGroup;
			children = (
				95C336A227AF2311001322DE /* AppDelegate.swift */,
				95C336A427AF2311001322DE /* SceneDelegate.swift */,
				95C336A627AF2311001322DE /* ContentView.swift */,
				95C336B627AF427B001322DE /* CompanyListView.swift */,
				95C336A827AF2312001322DE /* Assets.xcassets */,
				95C336AD27AF2312001322DE /* LaunchScreen.storyboard */,
				95C336B027AF2312001322DE /* Info.plist */,
				95C336AA27AF2312001322DE /* Preview Content */,
			);
			path = Equaltunity;
			sourceTree = "<group>";
		};
		95C336AA27AF2312001322DE /* Preview Content */ = {
			isa = PBXGroup;
			children = (
				95C336AB27AF2312001322DE /* Preview Assets.xcassets */,
			);
			path = "Preview Content";
			sourceTree = "<group>";
		};
/* End PBXGroup section */

/* Begin PBXNativeTarget section */
		95C3369E27AF2311001322DE /* Equaltunity */ = {
			isa = PBXNativeTarget;
			buildConfigurationList = 95C336B327AF2312001322DE /* Build configuration list for PBXNativeTarget "Equaltunity" */;
			buildPhases = (
				95C3369B27AF2311001322DE /* Sources */,
				95C3369C27AF2311001322DE /* Frameworks */,
				95C3369D27AF2311001322DE /* Resources */,
			);
			buildRules = (
			);
			dependencies = (
			);
			name = Equaltunity;
			productName = Equaltunity;
			productReference = 95C3369F27AF2311001322DE /* Equaltunity.app */;
			productType = "com.apple.product-type.application";
		};
/* End PBXNativeTarget section */

/* Begin PBXProject section */
		95C3369727AF2311001322DE /* Project object */ = {
			isa = PBXProject;
			attributes = {
				LastSwiftUpdateCheck = 1130;
				LastUpgradeCheck = 1130;
				ORGANIZATIONNAME = "Yuan-Shen Hsieh";
				TargetAttributes = {
					95C3369E27AF2311001322DE = {
						CreatedOnToolsVersion = 11.3.1;
					};
				};
			};
			buildConfigurationList = 95C3369A27AF2311001322DE /* Build configuration list for PBXProject "Equaltunity" */;
			compatibilityVersion = "Xcode 9.3";
			developmentRegion = en;
			hasScannedForEncodings = 0;
			knownRegions = (
				en,
				Base,
			);
			mainGroup = 95C3369627AF2311001322DE;
			productRefGroup = 95C336A027AF2311001322DE /* Products */;
			projectDirPath = "";
			projectRoot = "";
			targets = (
				95C3369E27AF2311001322DE /* Equaltunity */,
			);
		};
/* End PBXProject section */

/* Begin PBXResourcesBuildPhase section */
		95C3369D27AF2311001322DE /* Resources */ = {
			isa = PBXResourcesBuildPhase;
			buildActionMask = 2147483647;
			files = (
				95C336AF27AF2312001322DE /* LaunchScreen.storyboard in Resources */,
				95C336AC27AF2312001322DE /* Preview Assets.xcassets in Resources */,
				95C336A927AF2312001322DE /* Assets.xcassets in Resources */,
			);
			runOnlyForDeploymentPostprocessing = 0;
		};
/* End PBXResourcesBuildPhase section */

/* Begin PBXSourcesBuildPhase section */
		95C3369B27AF2311001322DE /* Sources */ = {
			isa = PBXSourcesBuildPhase;
			buildActionMask = 2147483647;
			files = (
				95C336A327AF2311001322DE /* AppDelegate.swift in Sources */,
				95C336A527AF2311001322DE /* SceneDelegate.swift in Sources */,
				95C336B727AF427B001322DE /* CompanyListView.swift in Sources */,
				95C336A727AF2311001322DE /* ContentView.swift in Sources */,
			);
			runOnlyForDeploymentPostprocessing = 0;
		};
/* End PBXSourcesBuildPhase section */

/* Begin PBXVariantGroup section */
		95C336AD27AF2312001322DE /* LaunchScreen.storyboard */ = {
			isa = PBXVariantGroup;
			children = (
				95C336AE27AF2312001322DE /* Base */,
			);
			name = LaunchScreen.storyboard;
			sourceTree = "<group>";
		};
/* End PBXVariantGroup section */

/* Begin XCBuildConfiguration section */
		95C336B127AF2312001322DE /* Debug */ = {
			isa = XCBuildConfiguration;
			buildSettings = {
				ALWAYS_SEARCH_USER_PATHS = NO;
				CLANG_ANALYZER_NONNULL = YES;
				CLANG_ANALYZER_NUMBER_OBJECT_CONVERSION = YES_AGGRESSIVE;
				CLANG_CXX_LANGUAGE_STANDARD = "gnu++14";
				CLANG_CXX_LIBRARY = "libc++";
				CLANG_ENABLE_MODULES = YES;
				CLANG_ENABLE_OBJC_ARC = YES;
				CLANG_ENABLE_OBJC_WEAK = YES;
				CLANG_WARN_BLOCK_CAPTURE_AUTORELEASING = YES;
				CLANG_WARN_BOOL_CONVERSION = YES;
				CLANG_WARN_COMMA = YES;
				CLANG_WARN_CONSTANT_CONVERSION = YES;
				CLANG_WARN_DEPRECATED_OBJC_IMPLEMENTATIONS = YES;
				CLANG_WARN_DIRECT_OBJC_ISA_USAGE = YES_ERROR;
				CLANG_WARN_DOCUMENTATION_COMMENTS = YES;
				CLANG_WARN_EMPTY_BODY = YES;
				CLANG_WARN_ENUM_CONVERSION = YES;
				CLANG_WARN_INFINITE_RECURSION = YES;
				CLANG_WARN_INT_CONVERSION = YES;
				CLANG_WARN_NON_LITERAL_NULL_CONVERSION = YES;
				CLANG_WARN_OBJC_IMPLICIT_RETAIN_SELF = YES;
				CLANG_WARN_OBJC_LITERAL_CONVERSION = YES;
				CLANG_WARN_OBJC_ROOT_CLASS = YES_ERROR;
				CLANG_WARN_RANGE_LOOP_ANALYSIS = YES;
				CLANG_WARN_STRICT_PROTOTYPES = YES;
				CLANG_WARN_SUSPICIOUS_MOVE = YES;
				CLANG_WARN_UNGUARDED_AVAILABILITY = YES_AGGRESSIVE;
				CLANG_WARN_UNREACHABLE_CODE = YES;
				CLANG_WARN__DUPLICATE_METHOD_MATCH = YES;
				COPY_PHASE_STRIP = NO;
				DEBUG_INFORMATION_FORMAT = dwarf;
				ENABLE_STRICT_OBJC_MSGSEND = YES;
				ENABLE_TESTABILITY = YES;
				GCC_C_LANGUAGE_STANDARD = gnu11;
				GCC_DYNAMIC_NO_PIC = NO;
				GCC_NO_COMMON_BLOCKS = YES;
				GCC_OPTIMIZATION_LEVEL = 0;
				GCC_PREPROCESSOR_DEFINITIONS = (
					"DEBUG=1",
					"$(inherited)",
				);
				GCC_WARN_64_TO_32_BIT_CONVERSION = YES;
				GCC_WARN_ABOUT_RETURN_TYPE = YES_ERROR;
				GCC_WARN_UNDECLARED_SELECTOR = YES;
				GCC_WARN_UNINITIALIZED_AUTOS = YES_AGGRESSIVE;
				GCC_WARN_UNUSED_FUNCTION = YES;
				GCC_WARN_UNUSED_VARIABLE = YES;
				IPHONEOS_DEPLOYMENT_TARGET = 13.2;
				MTL_ENABLE_DEBUG_INFO = INCLUDE_SOURCE;
				MTL_FAST_MATH = YES;
				ONLY_ACTIVE_ARCH = YES;
				SDKROOT = iphoneos;
				SWIFT_ACTIVE_COMPILATION_CONDITIONS = DEBUG;
				SWIFT_OPTIMIZATION_LEVEL = "-Onone";
			};
			name = Debug;
		};
		95C336B227AF2312001322DE /* Release */ = {
			isa = XCBuildConfiguration;
			buildSettings = {
				ALWAYS_SEARCH_USER_PATHS = NO;
				CLANG_ANALYZER_NONNULL = YES;
				CLANG_ANALYZER_NUMBER_OBJECT_CONVERSION = YES_AGGRESSIVE;
				CLANG_CXX_LANGUAGE_STANDARD = "gnu++14";
				CLANG_CXX_LIBRARY = "libc++";
				CLANG_ENABLE_MODULES = YES;
				CLANG_ENABLE_OBJC_ARC = YES;
				CLANG_ENABLE_OBJC_WEAK = YES;
				CLANG_WARN_BLOCK_CAPTURE_AUTORELEASING = YES;
				CLANG_WARN_BOOL_CONVERSION = YES;
				CLANG_WARN_COMMA = YES;
				CLANG_WARN_CONSTANT_CONVERSION = YES;
				CLANG_WARN_DEPRECATED_OBJC_IMPLEMENTATIONS = YES;
				CLANG_WARN_DIRECT_OBJC_ISA_USAGE = YES_ERROR;
				CLANG_WARN_DOCUMENTATION_COMMENTS = YES;
				CLANG_WARN_EMPTY_BODY = YES;
				CLANG_WARN_ENUM_CONVERSION = YES;
				CLANG_WARN_INFINITE_RECURSION = YES;
				CLANG_WARN_INT_CONVERSION = YES;
				CLANG_WARN_NON_LITERAL_NULL_CONVERSION = YES;
				CLANG_WARN_OBJC_IMPLICIT_RETAIN_SELF = YES;
				CLANG_WARN_OBJC_LITERAL_CONVERSION = YES;
				CLANG_WARN_OBJC_ROOT_CLASS = YES_ERROR;
				CLANG_WARN_RANGE_LOOP_ANALYSIS = YES;
				CLANG_WARN_STRICT_PROTOTYPES = YES;
				CLANG_WARN_SUSPICIOUS_MOVE = YES;
				CLANG_WARN_UNGUARDED_AVAILABILITY = YES_AGGRESSIVE;
				CLANG_WARN_UNREACHABLE_CODE = YES;
				CLANG_WARN__DUPLICATE_METHOD_MATCH = YES;
				COPY_PHASE_STRIP = NO;
				DEBUG_INFORMATION_FORMAT = "dwarf-with-dsym";
				ENABLE_NS_ASSERTIONS = NO;
				ENABLE_STRICT_OBJC_MSGSEND = YES;
				GCC_C_LANGUAGE_STANDARD = gnu11;
				GCC_NO_COMMON_BLOCKS = YES;
				GCC_WARN_64_TO_32_BIT_CONVERSION = YES;
				GCC_WARN_ABOUT_RETURN_TYPE = YES_ERROR;
				GCC_WARN_UNDECLARED_SELECTOR = YES;
				GCC_WARN_UNINITIALIZED_AUTOS = YES_AGGRESSIVE;
				GCC_WARN_UNUSED_FUNCTION = YES;
				GCC_WARN_UNUSED_VARIABLE = YES;
				IPHONEOS_DEPLOYMENT_TARGET = 13.2;
				MTL_ENABLE_DEBUG_INFO = NO;
				MTL_FAST_MATH = YES;
				SDKROOT = iphoneos;
				SWIFT_COMPILATION_MODE = wholemodule;
				SWIFT_OPTIMIZATION_LEVEL = "-O";
				VALIDATE_PRODUCT = YES;
			};
			name = Release;
		};
		95C336B427AF2312001322DE /* Debug */ = {
			isa = XCBuildConfiguration;
			buildSettings = {
				ASSETCATALOG_COMPILER_APPICON_NAME = AppIcon;
				CODE_SIGN_STYLE = Automatic;
				DEVELOPMENT_ASSET_PATHS = "\"Equaltunity/Preview Content\"";
				DEVELOPMENT_TEAM = SYR6YU9J4M;
				ENABLE_PREVIEWS = YES;
				INFOPLIST_FILE = Equaltunity/Info.plist;
				LD_RUNPATH_SEARCH_PATHS = (
					"$(inherited)",
					"@executable_path/Frameworks",
				);
				PRODUCT_BUNDLE_IDENTIFIER = yshsieh.Equaltunity;
				PRODUCT_NAME = "$(TARGET_NAME)";
				SWIFT_VERSION = 5.0;
				TARGETED_DEVICE_FAMILY = "1,2";
			};
			name = Debug;
		};
		95C336B527AF2312001322DE /* Release */ = {
			isa = XCBuildConfiguration;
			buildSettings = {
				ASSETCATALOG_COMPILER_APPICON_NAME = AppIcon;
				CODE_SIGN_STYLE = Automatic;
				DEVELOPMENT_ASSET_PATHS = "\"Equaltunity/Preview Content\"";
				DEVELOPMENT_TEAM = SYR6YU9J4M;
				ENABLE_PREVIEWS = YES;
				INFOPLIST_FILE = Equaltunity/Info.plist;
				LD_RUNPATH_SEARCH_PATHS = (
					"$(inherited)",
					"@executable_path/Frameworks",
				);
				PRODUCT_BUNDLE_IDENTIFIER = yshsieh.Equaltunity;
				PRODUCT_NAME = "$(TARGET_NAME)";
				SWIFT_VERSION = 5.0;
				TARGETED_DEVICE_FAMILY = "1,2";
			};
			name = Release;
		};
/* End XCBuildConfiguration section */

/* Begin XCConfigurationList section */
		95C3369A27AF2311001322DE /* Build configuration list for PBXProject "Equaltunity" */ = {
			isa = XCConfigurationList;
			buildConfigurations = (
				95C336B127AF2312001322DE /* Debug */,
				95C336B227AF2312001322DE /* Release */,
			);
			defaultConfigurationIsVisible = 0;
			defaultConfigurationName = Release;
		};
		95C336B327AF2312001322DE /* Build configuration list for PBXNativeTarget "Equaltunity" */ = {
			isa = XCConfigurationList;
			buildConfigurations = (
				95C336B427AF2312001322DE /* Debug */,
				95C336B527AF2312001322DE /* Release */,
			);
			defaultConfigurationIsVisible = 0;
			defaultConfigurationName = Release;
		};
/* End XCConfigurationList section */
	};
	rootObject = 95C3369727AF2311001322DE /* Project object */;
}
